// !$*UTF8*$!
{
	archiveVersion = 1;
	classes = {
	};
	objectVersion = 46;
	objects = {

/* Begin PBXBuildFile section */
		5F3FDFA31B775B6200DE721B /* EYTagPopupView.m in Sources */ = {isa = PBXBuildFile; fileRef = 5F3FDFA21B775B6200DE721B /* EYTagPopupView.m */; };
		5F46273F1B7219BF009695EC /* main.m in Sources */ = {isa = PBXBuildFile; fileRef = 5F46273E1B7219BF009695EC /* main.m */; };
		5F4627421B7219BF009695EC /* AppDelegate.m in Sources */ = {isa = PBXBuildFile; fileRef = 5F4627411B7219BF009695EC /* AppDelegate.m */; };
		5F4627451B7219BF009695EC /* ViewController.m in Sources */ = {isa = PBXBuildFile; fileRef = 5F4627441B7219BF009695EC /* ViewController.m */; };
		5F4627481B7219BF009695EC /* Main.storyboard in Resources */ = {isa = PBXBuildFile; fileRef = 5F4627461B7219BF009695EC /* Main.storyboard */; };
		5F46274A1B7219BF009695EC /* Images.xcassets in Resources */ = {isa = PBXBuildFile; fileRef = 5F4627491B7219BF009695EC /* Images.xcassets */; };
		5F46274D1B7219BF009695EC /* LaunchScreen.xib in Resources */ = {isa = PBXBuildFile; fileRef = 5F46274B1B7219BF009695EC /* LaunchScreen.xib */; };
		5F4627591B7219BF009695EC /* EYPopupView_ExampleTests.m in Sources */ = {isa = PBXBuildFile; fileRef = 5F4627581B7219BF009695EC /* EYPopupView_ExampleTests.m */; };
		5F4627941B7342B8009695EC /* EYInputPopupView.m in Sources */ = {isa = PBXBuildFile; fileRef = 5F46278C1B7342B8009695EC /* EYInputPopupView.m */; };
		5F4627951B7342B8009695EC /* EYPopupView.bundle in Resources */ = {isa = PBXBuildFile; fileRef = 5F46278D1B7342B8009695EC /* EYPopupView.bundle */; };
		5F4627961B7342B8009695EC /* EYPopupView.m in Sources */ = {isa = PBXBuildFile; fileRef = 5F46278F1B7342B8009695EC /* EYPopupView.m */; };
		5F4627971B7342B8009695EC /* EYTextPopupView.m in Sources */ = {isa = PBXBuildFile; fileRef = 5F4627931B7342B8009695EC /* EYTextPopupView.m */; };
		5FEB2F291B785D2D008DE827 /* EYTagView.m in Sources */ = {isa = PBXBuildFile; fileRef = 5FEB2F281B785D2D008DE827 /* EYTagView.m */; };
/* End PBXBuildFile section */

/* Begin PBXContainerItemProxy section */
		5F4627531B7219BF009695EC /* PBXContainerItemProxy */ = {
			isa = PBXContainerItemProxy;
			containerPortal = 5F4627311B7219BF009695EC /* Project object */;
			proxyType = 1;
			remoteGlobalIDString = 5F4627381B7219BF009695EC;
			remoteInfo = EYPopupView_Example;
		};
/* End PBXContainerItemProxy section */

/* Begin PBXFileReference section */
		5F3FDFA11B775B6200DE721B /* EYTagPopupView.h */ = {isa = PBXFileReference; fileEncoding = 4; lastKnownFileType = sourcecode.c.h; path = EYTagPopupView.h; sourceTree = "<group>"; };
		5F3FDFA21B775B6200DE721B /* EYTagPopupView.m */ = {isa = PBXFileReference; fileEncoding = 4; lastKnownFileType = sourcecode.c.objc; path = EYTagPopupView.m; sourceTree = "<group>"; };
		5F4627391B7219BF009695EC /* EYPopupView_Example.app */ = {isa = PBXFileReference; explicitFileType = wrapper.application; includeInIndex = 0; path = EYPopupView_Example.app; sourceTree = BUILT_PRODUCTS_DIR; };
		5F46273D1B7219BF009695EC /* Info.plist */ = {isa = PBXFileReference; lastKnownFileType = text.plist.xml; path = Info.plist; sourceTree = "<group>"; };
		5F46273E1B7219BF009695EC /* main.m */ = {isa = PBXFileReference; lastKnownFileType = sourcecode.c.objc; path = main.m; sourceTree = "<group>"; };
		5F4627401B7219BF009695EC /* AppDelegate.h */ = {isa = PBXFileReference; lastKnownFileType = sourcecode.c.h; path = AppDelegate.h; sourceTree = "<group>"; };
		5F4627411B7219BF009695EC /* AppDelegate.m */ = {isa = PBXFileReference; lastKnownFileType = sourcecode.c.objc; path = AppDelegate.m; sourceTree = "<group>"; };
		5F4627431B7219BF009695EC /* ViewController.h */ = {isa = PBXFileReference; lastKnownFileType = sourcecode.c.h; path = ViewController.h; sourceTree = "<group>"; };
		5F4627441B7219BF009695EC /* ViewController.m */ = {isa = PBXFileReference; lastKnownFileType = sourcecode.c.objc; path = ViewController.m; sourceTree = "<group>"; };
		5F4627471B7219BF009695EC /* Base */ = {isa = PBXFileReference; lastKnownFileType = file.storyboard; name = Base; path = Base.lproj/Main.storyboard; sourceTree = "<group>"; };
		5F4627491B7219BF009695EC /* Images.xcassets */ = {isa = PBXFileReference; lastKnownFileType = folder.assetcatalog; path = Images.xcassets; sourceTree = "<group>"; };
		5F46274C1B7219BF009695EC /* Base */ = {isa = PBXFileReference; lastKnownFileType = file.xib; name = Base; path = Base.lproj/LaunchScreen.xib; sourceTree = "<group>"; };
		5F4627521B7219BF009695EC /* EYPopupView_ExampleTests.xctest */ = {isa = PBXFileReference; explicitFileType = wrapper.cfbundle; includeInIndex = 0; path = EYPopupView_ExampleTests.xctest; sourceTree = BUILT_PRODUCTS_DIR; };
		5F4627571B7219BF009695EC /* Info.plist */ = {isa = PBXFileReference; lastKnownFileType = text.plist.xml; path = Info.plist; sourceTree = "<group>"; };
		5F4627581B7219BF009695EC /* EYPopupView_ExampleTests.m */ = {isa = PBXFileReference; lastKnownFileType = sourcecode.c.objc; path = EYPopupView_ExampleTests.m; sourceTree = "<group>"; };
		5F46278B1B7342B8009695EC /* EYInputPopupView.h */ = {isa = PBXFileReference; fileEncoding = 4; lastKnownFileType = sourcecode.c.h; path = EYInputPopupView.h; sourceTree = "<group>"; };
		5F46278C1B7342B8009695EC /* EYInputPopupView.m */ = {isa = PBXFileReference; fileEncoding = 4; lastKnownFileType = sourcecode.c.objc; path = EYInputPopupView.m; sourceTree = "<group>"; };
		5F46278D1B7342B8009695EC /* EYPopupView.bundle */ = {isa = PBXFileReference; lastKnownFileType = "wrapper.plug-in"; path = EYPopupView.bundle; sourceTree = "<group>"; };
		5F46278E1B7342B8009695EC /* EYPopupView.h */ = {isa = PBXFileReference; fileEncoding = 4; lastKnownFileType = sourcecode.c.h; path = EYPopupView.h; sourceTree = "<group>"; };
		5F46278F1B7342B8009695EC /* EYPopupView.m */ = {isa = PBXFileReference; fileEncoding = 4; lastKnownFileType = sourcecode.c.objc; path = EYPopupView.m; sourceTree = "<group>"; };
		5F4627901B7342B8009695EC /* EYPopupViewHeader.h */ = {isa = PBXFileReference; fileEncoding = 4; lastKnownFileType = sourcecode.c.h; path = EYPopupViewHeader.h; sourceTree = "<group>"; };
		5F4627911B7342B8009695EC /* EYPopupViewMacro.h */ = {isa = PBXFileReference; fileEncoding = 4; lastKnownFileType = sourcecode.c.h; path = EYPopupViewMacro.h; sourceTree = "<group>"; };
		5F4627921B7342B8009695EC /* EYTextPopupView.h */ = {isa = PBXFileReference; fileEncoding = 4; lastKnownFileType = sourcecode.c.h; path = EYTextPopupView.h; sourceTree = "<group>"; };
		5F4627931B7342B8009695EC /* EYTextPopupView.m */ = {isa = PBXFileReference; fileEncoding = 4; lastKnownFileType = sourcecode.c.objc; path = EYTextPopupView.m; sourceTree = "<group>"; };
		5FEB2F271B785D2D008DE827 /* EYTagView.h */ = {isa = PBXFileReference; fileEncoding = 4; lastKnownFileType = sourcecode.c.h; path = EYTagView.h; sourceTree = "<group>"; };
		5FEB2F281B785D2D008DE827 /* EYTagView.m */ = {isa = PBXFileReference; fileEncoding = 4; lastKnownFileType = sourcecode.c.objc; path = EYTagView.m; sourceTree = "<group>"; };
/* End PBXFileReference section */

/* Begin PBXFrameworksBuildPhase section */
		5F4627361B7219BF009695EC /* Frameworks */ = {
			isa = PBXFrameworksBuildPhase;
			buildActionMask = 2147483647;
			files = (
			);
			runOnlyForDeploymentPostprocessing = 0;
		};
		5F46274F1B7219BF009695EC /* Frameworks */ = {
			isa = PBXFrameworksBuildPhase;
			buildActionMask = 2147483647;
			files = (
			);
			runOnlyForDeploymentPostprocessing = 0;
		};
/* End PBXFrameworksBuildPhase section */

/* Begin PBXGroup section */
		5F4627301B7219BF009695EC = {
			isa = PBXGroup;
			children = (
				5FEB2F261B785D2D008DE827 /* EYTagView */,
				5F46278A1B7342B8009695EC /* EYPopupView */,
				5F46273B1B7219BF009695EC /* EYPopupView_Example */,
				5F4627551B7219BF009695EC /* EYPopupView_ExampleTests */,
				5F46273A1B7219BF009695EC /* Products */,
			);
			sourceTree = "<group>";
		};
		5F46273A1B7219BF009695EC /* Products */ = {
			isa = PBXGroup;
			children = (
				5F4627391B7219BF009695EC /* EYPopupView_Example.app */,
				5F4627521B7219BF009695EC /* EYPopupView_ExampleTests.xctest */,
			);
			name = Products;
			sourceTree = "<group>";
		};
		5F46273B1B7219BF009695EC /* EYPopupView_Example */ = {
			isa = PBXGroup;
			children = (
				5F4627401B7219BF009695EC /* AppDelegate.h */,
				5F4627411B7219BF009695EC /* AppDelegate.m */,
				5F4627431B7219BF009695EC /* ViewController.h */,
				5F4627441B7219BF009695EC /* ViewController.m */,
				5F4627461B7219BF009695EC /* Main.storyboard */,
				5F4627491B7219BF009695EC /* Images.xcassets */,
				5F46274B1B7219BF009695EC /* LaunchScreen.xib */,
				5F46273C1B7219BF009695EC /* Supporting Files */,
			);
			path = EYPopupView_Example;
			sourceTree = "<group>";
		};
		5F46273C1B7219BF009695EC /* Supporting Files */ = {
			isa = PBXGroup;
			children = (
				5F46273D1B7219BF009695EC /* Info.plist */,
				5F46273E1B7219BF009695EC /* main.m */,
			);
			name = "Supporting Files";
			sourceTree = "<group>";
		};
		5F4627551B7219BF009695EC /* EYPopupView_ExampleTests */ = {
			isa = PBXGroup;
			children = (
				5F4627581B7219BF009695EC /* EYPopupView_ExampleTests.m */,
				5F4627561B7219BF009695EC /* Supporting Files */,
			);
			path = EYPopupView_ExampleTests;
			sourceTree = "<group>";
		};
		5F4627561B7219BF009695EC /* Supporting Files */ = {
			isa = PBXGroup;
			children = (
				5F4627571B7219BF009695EC /* Info.plist */,
			);
			name = "Supporting Files";
			sourceTree = "<group>";
		};
		5F46278A1B7342B8009695EC /* EYPopupView */ = {
			isa = PBXGroup;
			children = (
				5F3FDFA11B775B6200DE721B /* EYTagPopupView.h */,
				5F3FDFA21B775B6200DE721B /* EYTagPopupView.m */,
				5F46278B1B7342B8009695EC /* EYInputPopupView.h */,
				5F46278C1B7342B8009695EC /* EYInputPopupView.m */,
				5F46278D1B7342B8009695EC /* EYPopupView.bundle */,
				5F46278E1B7342B8009695EC /* EYPopupView.h */,
				5F46278F1B7342B8009695EC /* EYPopupView.m */,
				5F4627901B7342B8009695EC /* EYPopupViewHeader.h */,
				5F4627911B7342B8009695EC /* EYPopupViewMacro.h */,
				5F4627921B7342B8009695EC /* EYTextPopupView.h */,
				5F4627931B7342B8009695EC /* EYTextPopupView.m */,
			);
			name = EYPopupView;
			path = ../EYPopupView;
			sourceTree = "<group>";
		};
		5FEB2F261B785D2D008DE827 /* EYTagView */ = {
			isa = PBXGroup;
			children = (
				5FEB2F271B785D2D008DE827 /* EYTagView.h */,
				5FEB2F281B785D2D008DE827 /* EYTagView.m */,
			);
			name = EYTagView;
			path = ../EYTagView;
			sourceTree = "<group>";
		};
/* End PBXGroup section */

/* Begin PBXNativeTarget section */
		5F4627381B7219BF009695EC /* EYPopupView_Example */ = {
			isa = PBXNativeTarget;
			buildConfigurationList = 5F46275C1B7219BF009695EC /* Build configuration list for PBXNativeTarget "EYPopupView_Example" */;
			buildPhases = (
				5F4627351B7219BF009695EC /* Sources */,
				5F4627361B7219BF009695EC /* Frameworks */,
				5F4627371B7219BF009695EC /* Resources */,
			);
			buildRules = (
			);
			dependencies = (
			);
			name = EYPopupView_Example;
			productName = EYPopupView_Example;
			productReference = 5F4627391B7219BF009695EC /* EYPopupView_Example.app */;
			productType = "com.apple.product-type.application";
		};
		5F4627511B7219BF009695EC /* EYPopupView_ExampleTests */ = {
			isa = PBXNativeTarget;
			buildConfigurationList = 5F46275F1B7219BF009695EC /* Build configuration list for PBXNativeTarget "EYPopupView_ExampleTests" */;
			buildPhases = (
				5F46274E1B7219BF009695EC /* Sources */,
				5F46274F1B7219BF009695EC /* Frameworks */,
				5F4627501B7219BF009695EC /* Resources */,
			);
			buildRules = (
			);
			dependencies = (
				5F4627541B7219BF009695EC /* PBXTargetDependency */,
			);
			name = EYPopupView_ExampleTests;
			productName = EYPopupView_ExampleTests;
			productReference = 5F4627521B7219BF009695EC /* EYPopupView_ExampleTests.xctest */;
			productType = "com.apple.product-type.bundle.unit-test";
		};
/* End PBXNativeTarget section */

/* Begin PBXProject section */
		5F4627311B7219BF009695EC /* Project object */ = {
			isa = PBXProject;
			attributes = {
				LastUpgradeCheck = 0640;
				ORGANIZATIONNAME = "Eric Yang";
				TargetAttributes = {
					5F4627381B7219BF009695EC = {
						CreatedOnToolsVersion = 6.4;
					};
					5F4627511B7219BF009695EC = {
						CreatedOnToolsVersion = 6.4;
						TestTargetID = 5F4627381B7219BF009695EC;
					};
				};
			};
			buildConfigurationList = 5F4627341B7219BF009695EC /* Build configuration list for PBXProject "EYPopupView_Example" */;
			compatibilityVersion = "Xcode 3.2";
			developmentRegion = English;
			hasScannedForEncodings = 0;
			knownRegions = (
				en,
				Base,
			);
			mainGroup = 5F4627301B7219BF009695EC;
			productRefGroup = 5F46273A1B7219BF009695EC /* Products */;
			projectDirPath = "";
			projectRoot = "";
			targets = (
				5F4627381B7219BF009695EC /* EYPopupView_Example */,
				5F4627511B7219BF009695EC /* EYPopupView_ExampleTests */,
			);
		};
/* End PBXProject section */

/* Begin PBXResourcesBuildPhase section */
		5F4627371B7219BF009695EC /* Resources */ = {
			isa = PBXResourcesBuildPhase;
			buildActionMask = 2147483647;
			files = (
				5F4627481B7219BF009695EC /* Main.storyboard in Resources */,
				5F46274D1B7219BF009695EC /* LaunchScreen.xib in Resources */,
				5F46274A1B7219BF009695EC /* Images.xcassets in Resources */,
				5F4627951B7342B8009695EC /* EYPopupView.bundle in Resources */,
			);
			runOnlyForDeploymentPostprocessing = 0;
		};
		5F4627501B7219BF009695EC /* Resources */ = {
			isa = PBXResourcesBuildPhase;
			buildActionMask = 2147483647;
			files = (
			);
			runOnlyForDeploymentPostprocessing = 0;
		};
/* End PBXResourcesBuildPhase section */

/* Begin PBXSourcesBuildPhase section */
		5F4627351B7219BF009695EC /* Sources */ = {
			isa = PBXSourcesBuildPhase;
			buildActionMask = 2147483647;
			files = (
				5F4627971B7342B8009695EC /* EYTextPopupView.m in Sources */,
				5F4627451B7219BF009695EC /* ViewController.m in Sources */,
				5F4627961B7342B8009695EC /* EYPopupView.m in Sources */,
				5FEB2F291B785D2D008DE827 /* EYTagView.m in Sources */,
				5F4627421B7219BF009695EC /* AppDelegate.m in Sources */,
				5F3FDFA31B775B6200DE721B /* EYTagPopupView.m in Sources */,
				5F4627941B7342B8009695EC /* EYInputPopupView.m in Sources */,
				5F46273F1B7219BF009695EC /* main.m in Sources */,
			);
			runOnlyForDeploymentPostprocessing = 0;
		};
		5F46274E1B7219BF009695EC /* Sources */ = {
			isa = PBXSourcesBuildPhase;
			buildActionMask = 2147483647;
			files = (
				5F4627591B7219BF009695EC /* EYPopupView_ExampleTests.m in Sources */,
			);
			runOnlyForDeploymentPostprocessing = 0;
		};
/* End PBXSourcesBuildPhase section */

/* Begin PBXTargetDependency section */
		5F4627541B7219BF009695EC /* PBXTargetDependency */ = {
			isa = PBXTargetDependency;
			target = 5F4627381B7219BF009695EC /* EYPopupView_Example */;
			targetProxy = 5F4627531B7219BF009695EC /* PBXContainerItemProxy */;
		};
/* End PBXTargetDependency section */

/* Begin PBXVariantGroup section */
		5F4627461B7219BF009695EC /* Main.storyboard */ = {
			isa = PBXVariantGroup;
			children = (
				5F4627471B7219BF009695EC /* Base */,
			);
			name = Main.storyboard;
			sourceTree = "<group>";
		};
		5F46274B1B7219BF009695EC /* LaunchScreen.xib */ = {
			isa = PBXVariantGroup;
			children = (
				5F46274C1B7219BF009695EC /* Base */,
			);
			name = LaunchScreen.xib;
			sourceTree = "<group>";
		};
/* End PBXVariantGroup section */

/* Begin XCBuildConfiguration section */
		5F46275A1B7219BF009695EC /* Debug */ = {
			isa = XCBuildConfiguration;
			buildSettings = {
				ALWAYS_SEARCH_USER_PATHS = NO;
				CLANG_CXX_LANGUAGE_STANDARD = "gnu++0x";
				CLANG_CXX_LIBRARY = "libc++";
				CLANG_ENABLE_MODULES = YES;
				CLANG_ENABLE_OBJC_ARC = YES;
				CLANG_WARN_BOOL_CONVERSION = YES;
				CLANG_WARN_CONSTANT_CONVERSION = YES;
				CLANG_WARN_DIRECT_OBJC_ISA_USAGE = YES_ERROR;
				CLANG_WARN_EMPTY_BODY = YES;
				CLANG_WARN_ENUM_CONVERSION = YES;
				CLANG_WARN_INT_CONVERSION = YES;
				CLANG_WARN_OBJC_ROOT_CLASS = YES_ERROR;
				CLANG_WARN_UNREACHABLE_CODE = YES;
				CLANG_WARN__DUPLICATE_METHOD_MATCH = YES;
				"CODE_SIGN_IDENTITY[sdk=iphoneos*]" = "iPhone Developer";
				COPY_PHASE_STRIP = NO;
				DEBUG_INFORMATION_FORMAT = "dwarf-with-dsym";
				ENABLE_STRICT_OBJC_MSGSEND = YES;
				GCC_C_LANGUAGE_STANDARD = gnu99;
				GCC_DYNAMIC_NO_PIC = NO;
				GCC_NO_COMMON_BLOCKS = YES;
				GCC_OPTIMIZATION_LEVEL = 0;
				GCC_PREPROCESSOR_DEFINITIONS = (
					"DEBUG=1",
					"$(inherited)",
				);
				GCC_SYMBOLS_PRIVATE_EXTERN = NO;
				GCC_WARN_64_TO_32_BIT_CONVERSION = YES;
				GCC_WARN_ABOUT_RETURN_TYPE = YES_ERROR;
				GCC_WARN_UNDECLARED_SELECTOR = YES;
				GCC_WARN_UNINITIALIZED_AUTOS = YES_AGGRESSIVE;
				GCC_WARN_UNUSED_FUNCTION = YES;
				GCC_WARN_UNUSED_VARIABLE = YES;
				IPHONEOS_DEPLOYMENT_TARGET = 8.4;
				MTL_ENABLE_DEBUG_INFO = YES;
				ONLY_ACTIVE_ARCH = YES;
				SDKROOT = iphoneos;
			};
			name = Debug;
		};
		5F46275B1B7219BF009695EC /* Release */ = {
			isa = XCBuildConfiguration;
			buildSettings = {
				ALWAYS_SEARCH_USER_PATHS = NO;
				CLANG_CXX_LANGUAGE_STANDARD = "gnu++0x";
				CLANG_CXX_LIBRARY = "libc++";
				CLANG_ENABLE_MODULES = YES;
				CLANG_ENABLE_OBJC_ARC = YES;
				CLANG_WARN_BOOL_CONVERSION = YES;
				CLANG_WARN_CONSTANT_CONVERSION = YES;
				CLANG_WARN_DIRECT_OBJC_ISA_USAGE = YES_ERROR;
				CLANG_WARN_EMPTY_BODY = YES;
				CLANG_WARN_ENUM_CONVERSION = YES;
				CLANG_WARN_INT_CONVERSION = YES;
				CLANG_WARN_OBJC_ROOT_CLASS = YES_ERROR;
				CLANG_WARN_UNREACHABLE_CODE = YES;
				CLANG_WARN__DUPLICATE_METHOD_MATCH = YES;
				"CODE_SIGN_IDENTITY[sdk=iphoneos*]" = "iPhone Developer";
				COPY_PHASE_STRIP = NO;
				DEBUG_INFORMATION_FORMAT = "dwarf-with-dsym";
				ENABLE_NS_ASSERTIONS = NO;
				ENABLE_STRICT_OBJC_MSGSEND = YES;
				GCC_C_LANGUAGE_STANDARD = gnu99;
				GCC_NO_COMMON_BLOCKS = YES;
				GCC_WARN_64_TO_32_BIT_CONVERSION = YES;
				GCC_WARN_ABOUT_RETURN_TYPE = YES_ERROR;
				GCC_WARN_UNDECLARED_SELECTOR = YES;
				GCC_WARN_UNINITIALIZED_AUTOS = YES_AGGRESSIVE;
				GCC_WARN_UNUSED_FUNCTION = YES;
				GCC_WARN_UNUSED_VARIABLE = YES;
				IPHONEOS_DEPLOYMENT_TARGET = 8.4;
				MTL_ENABLE_DEBUG_INFO = NO;
				SDKROOT = iphoneos;
				VALIDATE_PRODUCT = YES;
			};
			name = Release;
		};
		5F46275D1B7219BF009695EC /* Debug */ = {
			isa = XCBuildConfiguration;
			buildSettings = {
				ASSETCATALOG_COMPILER_APPICON_NAME = AppIcon;
				INFOPLIST_FILE = EYPopupView_Example/Info.plist;
				LD_RUNPATH_SEARCH_PATHS = "$(inherited) @executable_path/Frameworks";
				PRODUCT_NAME = "$(TARGET_NAME)";
			};
			name = Debug;
		};
		5F46275E1B7219BF009695EC /* Release */ = {
			isa = XCBuildConfiguration;
			buildSettings = {
				ASSETCATALOG_COMPILER_APPICON_NAME = AppIcon;
				INFOPLIST_FILE = EYPopupView_Example/Info.plist;
				LD_RUNPATH_SEARCH_PATHS = "$(inherited) @executable_path/Frameworks";
				PRODUCT_NAME = "$(TARGET_NAME)";
			};
			name = Release;
		};
		5F4627601B7219BF009695EC /* Debug */ = {
			isa = XCBuildConfiguration;
			buildSettings = {
				BUNDLE_LOADER = "$(TEST_HOST)";
				FRAMEWORK_SEARCH_PATHS = (
					"$(SDKROOT)/Developer/Library/Frameworks",
					"$(inherited)",
				);
				GCC_PREPROCESSOR_DEFINITIONS = (
					"DEBUG=1",
					"$(inherited)",
				);
				INFOPLIST_FILE = EYPopupView_ExampleTests/Info.plist;
				LD_RUNPATH_SEARCH_PATHS = "$(inherited) @executable_path/Frameworks @loader_path/Frameworks";
				PRODUCT_NAME = "$(TARGET_NAME)";
				TEST_HOST = "$(BUILT_PRODUCTS_DIR)/EYPopupView_Example.app/EYPopupView_Example";
			};
			name = Debug;
		};
		5F4627611B7219BF009695EC /* Release */ = {
			isa = XCBuildConfiguration;
			buildSettings = {
				BUNDLE_LOADER = "$(TEST_HOST)";
				FRAMEWORK_SEARCH_PATHS = (
					"$(SDKROOT)/Developer/Library/Frameworks",
					"$(inherited)",
				);
				INFOPLIST_FILE = EYPopupView_ExampleTests/Info.plist;
				LD_RUNPATH_SEARCH_PATHS = "$(inherited) @executable_path/Frameworks @loader_path/Frameworks";
				PRODUCT_NAME = "$(TARGET_NAME)";
				TEST_HOST = "$(BUILT_PRODUCTS_DIR)/EYPopupView_Example.app/EYPopupView_Example";
			};
			name = Release;
		};
/* End XCBuildConfiguration section */

/* Begin XCConfigurationList section */
		5F4627341B7219BF009695EC /* Build configuration list for PBXProject "EYPopupView_Example" */ = {
			isa = XCConfigurationList;
			buildConfigurations = (
				5F46275A1B7219BF009695EC /* Debug */,
				5F46275B1B7219BF009695EC /* Release */,
			);
			defaultConfigurationIsVisible = 0;
			defaultConfigurationName = Release;
		};
		5F46275C1B7219BF009695EC /* Build configuration list for PBXNativeTarget "EYPopupView_Example" */ = {
			isa = XCConfigurationList;
			buildConfigurations = (
				5F46275D1B7219BF009695EC /* Debug */,
				5F46275E1B7219BF009695EC /* Release */,
			);
			defaultConfigurationIsVisible = 0;
			defaultConfigurationName = Release;
		};
		5F46275F1B7219BF009695EC /* Build configuration list for PBXNativeTarget "EYPopupView_ExampleTests" */ = {
			isa = XCConfigurationList;
			buildConfigurations = (
				5F4627601B7219BF009695EC /* Debug */,
				5F4627611B7219BF009695EC /* Release */,
			);
			defaultConfigurationIsVisible = 0;
			defaultConfigurationName = Release;
		};
/* End XCConfigurationList section */
	};
	rootObject = 5F4627311B7219BF009695EC /* Project object */;
}
